
Microsoft Visual Studio Solution File, Format Version 12.00
# Visual Studio 15
VisualStudioVersion = 15.0.26124.0
MinimumVisualStudioVersion = 15.0.26124.0
Project("{2150E333-8FDC-42A3-9474-1A3956D46DE8}") = "src", "src", "{72E30459-B346-46F8-AE38-828080BA9E98}"
EndProject
Project("{FAE04EC0-301F-11D3-BF4B-00C04F79EFBC}") = "QueueExample.WebApp", "src\WebApp\QueueExample.WebApp.csproj", "{9F7BD348-7A3A-4A7A-BF6C-A16636E36DDC}"
EndProject
Project("{FAE04EC0-301F-11D3-BF4B-00C04F79EFBC}") = "QueueExample.ConsoleApp", "src\ConsoleApp\QueueExample.ConsoleApp.csproj", "{4CFEC344-38E3-40B2-9662-602DD823B9B1}"
EndProject
Project("{FAE04EC0-301F-11D3-BF4B-00C04F79EFBC}") = "QueueExample.QueueService", "src\Service\QueueExample.QueueService.csproj", "{3304E9B7-3525-45A3-8C92-93B6E9B5E4EE}"
EndProject
Project("{FAE04EC0-301F-11D3-BF4B-00C04F79EFBC}") = "QueueExample.EventBus", "src\EventBus\QueueExample.EventBus.csproj", "{E65C9357-4688-4BBD-BB3E-D39EC13027BC}"
EndProject
Project("{FAE04EC0-301F-11D3-BF4B-00C04F79EFBC}") = "QueueExample.NotificationRequestLoop", "src\NotificationRequestLoop\QueueExample.NotificationRequestLoop.csproj", "{EF45089F-FB83-4822-9701-6B23F3C084AB}"
EndProject
Global
	GlobalSection(SolutionProperties) = preSolution
		HideSolutionNode = FALSE
	EndGlobalSection
	GlobalSection(SolutionConfigurationPlatforms) = preSolution
		Debug|Any CPU = Debug|Any CPU
		Debug|x64 = Debug|x64
		Debug|x86 = Debug|x86
		Release|Any CPU = Release|Any CPU
		Release|x64 = Release|x64
		Release|x86 = Release|x86
	EndGlobalSection
	GlobalSection(ProjectConfigurationPlatforms) = postSolution
		{9F7BD348-7A3A-4A7A-BF6C-A16636E36DDC}.Debug|Any CPU.ActiveCfg = Debug|Any CPU
		{9F7BD348-7A3A-4A7A-BF6C-A16636E36DDC}.Debug|Any CPU.Build.0 = Debug|Any CPU
		{9F7BD348-7A3A-4A7A-BF6C-A16636E36DDC}.Debug|x64.ActiveCfg = Debug|Any CPU
		{9F7BD348-7A3A-4A7A-BF6C-A16636E36DDC}.Debug|x64.Build.0 = Debug|Any CPU
		{9F7BD348-7A3A-4A7A-BF6C-A16636E36DDC}.Debug|x86.ActiveCfg = Debug|Any CPU
		{9F7BD348-7A3A-4A7A-BF6C-A16636E36DDC}.Debug|x86.Build.0 = Debug|Any CPU
		{9F7BD348-7A3A-4A7A-BF6C-A16636E36DDC}.Release|Any CPU.ActiveCfg = Release|Any CPU
		{9F7BD348-7A3A-4A7A-BF6C-A16636E36DDC}.Release|Any CPU.Build.0 = Release|Any CPU
		{9F7BD348-7A3A-4A7A-BF6C-A16636E36DDC}.Release|x64.ActiveCfg = Release|Any CPU
		{9F7BD348-7A3A-4A7A-BF6C-A16636E36DDC}.Release|x64.Build.0 = Release|Any CPU
		{9F7BD348-7A3A-4A7A-BF6C-A16636E36DDC}.Release|x86.ActiveCfg = Release|Any CPU
		{9F7BD348-7A3A-4A7A-BF6C-A16636E36DDC}.Release|x86.Build.0 = Release|Any CPU
		{4CFEC344-38E3-40B2-9662-602DD823B9B1}.Debug|Any CPU.ActiveCfg = Debug|Any CPU
		{4CFEC344-38E3-40B2-9662-602DD823B9B1}.Debug|Any CPU.Build.0 = Debug|Any CPU
		{4CFEC344-38E3-40B2-9662-602DD823B9B1}.Debug|x64.ActiveCfg = Debug|Any CPU
		{4CFEC344-38E3-40B2-9662-602DD823B9B1}.Debug|x64.Build.0 = Debug|Any CPU
		{4CFEC344-38E3-40B2-9662-602DD823B9B1}.Debug|x86.ActiveCfg = Debug|Any CPU
		{4CFEC344-38E3-40B2-9662-602DD823B9B1}.Debug|x86.Build.0 = Debug|Any CPU
		{4CFEC344-38E3-40B2-9662-602DD823B9B1}.Release|Any CPU.ActiveCfg = Release|Any CPU
		{4CFEC344-38E3-40B2-9662-602DD823B9B1}.Release|Any CPU.Build.0 = Release|Any CPU
		{4CFEC344-38E3-40B2-9662-602DD823B9B1}.Release|x64.ActiveCfg = Release|Any CPU
		{4CFEC344-38E3-40B2-9662-602DD823B9B1}.Release|x64.Build.0 = Release|Any CPU
		{4CFEC344-38E3-40B2-9662-602DD823B9B1}.Release|x86.ActiveCfg = Release|Any CPU
		{4CFEC344-38E3-40B2-9662-602DD823B9B1}.Release|x86.Build.0 = Release|Any CPU
		{3304E9B7-3525-45A3-8C92-93B6E9B5E4EE}.Debug|Any CPU.ActiveCfg = Debug|Any CPU
		{3304E9B7-3525-45A3-8C92-93B6E9B5E4EE}.Debug|Any CPU.Build.0 = Debug|Any CPU
		{3304E9B7-3525-45A3-8C92-93B6E9B5E4EE}.Debug|x64.ActiveCfg = Debug|Any CPU
		{3304E9B7-3525-45A3-8C92-93B6E9B5E4EE}.Debug|x64.Build.0 = Debug|Any CPU
		{3304E9B7-3525-45A3-8C92-93B6E9B5E4EE}.Debug|x86.ActiveCfg = Debug|Any CPU
		{3304E9B7-3525-45A3-8C92-93B6E9B5E4EE}.Debug|x86.Build.0 = Debug|Any CPU
		{3304E9B7-3525-45A3-8C92-93B6E9B5E4EE}.Release|Any CPU.ActiveCfg = Release|Any CPU
		{3304E9B7-3525-45A3-8C92-93B6E9B5E4EE}.Release|Any CPU.Build.0 = Release|Any CPU
		{3304E9B7-3525-45A3-8C92-93B6E9B5E4EE}.Release|x64.ActiveCfg = Release|Any CPU
		{3304E9B7-3525-45A3-8C92-93B6E9B5E4EE}.Release|x64.Build.0 = Release|Any CPU
		{3304E9B7-3525-45A3-8C92-93B6E9B5E4EE}.Release|x86.ActiveCfg = Release|Any CPU
		{3304E9B7-3525-45A3-8C92-93B6E9B5E4EE}.Release|x86.Build.0 = Release|Any CPU
		{E65C9357-4688-4BBD-BB3E-D39EC13027BC}.Debug|Any CPU.ActiveCfg = Debug|Any CPU
		{E65C9357-4688-4BBD-BB3E-D39EC13027BC}.Debug|Any CPU.Build.0 = Debug|Any CPU
		{E65C9357-4688-4BBD-BB3E-D39EC13027BC}.Debug|x64.ActiveCfg = Debug|Any CPU
		{E65C9357-4688-4BBD-BB3E-D39EC13027BC}.Debug|x64.Build.0 = Debug|Any CPU
		{E65C9357-4688-4BBD-BB3E-D39EC13027BC}.Debug|x86.ActiveCfg = Debug|Any CPU
		{E65C9357-4688-4BBD-BB3E-D39EC13027BC}.Debug|x86.Build.0 = Debug|Any CPU
		{E65C9357-4688-4BBD-BB3E-D39EC13027BC}.Release|Any CPU.ActiveCfg = Release|Any CPU
		{E65C9357-4688-4BBD-BB3E-D39EC13027BC}.Release|Any CPU.Build.0 = Release|Any CPU
		{E65C9357-4688-4BBD-BB3E-D39EC13027BC}.Release|x64.ActiveCfg = Release|Any CPU
		{E65C9357-4688-4BBD-BB3E-D39EC13027BC}.Release|x64.Build.0 = Release|Any CPU
		{E65C9357-4688-4BBD-BB3E-D39EC13027BC}.Release|x86.ActiveCfg = Release|Any CPU
		{E65C9357-4688-4BBD-BB3E-D39EC13027BC}.Release|x86.Build.0 = Release|Any CPU
		{EF45089F-FB83-4822-9701-6B23F3C084AB}.Debug|Any CPU.ActiveCfg = Debug|Any CPU
		{EF45089F-FB83-4822-9701-6B23F3C084AB}.Debug|Any CPU.Build.0 = Debug|Any CPU
		{EF45089F-FB83-4822-9701-6B23F3C084AB}.Debug|x64.ActiveCfg = Debug|Any CPU
		{EF45089F-FB83-4822-9701-6B23F3C084AB}.Debug|x64.Build.0 = Debug|Any CPU
		{EF45089F-FB83-4822-9701-6B23F3C084AB}.Debug|x86.ActiveCfg = Debug|Any CPU
		{EF45089F-FB83-4822-9701-6B23F3C084AB}.Debug|x86.Build.0 = Debug|Any CPU
		{EF45089F-FB83-4822-9701-6B23F3C084AB}.Release|Any CPU.ActiveCfg = Release|Any CPU
		{EF45089F-FB83-4822-9701-6B23F3C084AB}.Release|Any CPU.Build.0 = Release|Any CPU
		{EF45089F-FB83-4822-9701-6B23F3C084AB}.Release|x64.ActiveCfg = Release|Any CPU
		{EF45089F-FB83-4822-9701-6B23F3C084AB}.Release|x64.Build.0 = Release|Any CPU
		{EF45089F-FB83-4822-9701-6B23F3C084AB}.Release|x86.ActiveCfg = Release|Any CPU
		{EF45089F-FB83-4822-9701-6B23F3C084AB}.Release|x86.Build.0 = Release|Any CPU
	EndGlobalSection
	GlobalSection(NestedProjects) = preSolution
		{9F7BD348-7A3A-4A7A-BF6C-A16636E36DDC} = {72E30459-B346-46F8-AE38-828080BA9E98}
		{4CFEC344-38E3-40B2-9662-602DD823B9B1} = {72E30459-B346-46F8-AE38-828080BA9E98}
		{3304E9B7-3525-45A3-8C92-93B6E9B5E4EE} = {72E30459-B346-46F8-AE38-828080BA9E98}
		{E65C9357-4688-4BBD-BB3E-D39EC13027BC} = {72E30459-B346-46F8-AE38-828080BA9E98}
		{EF45089F-FB83-4822-9701-6B23F3C084AB} = {72E30459-B346-46F8-AE38-828080BA9E98}
	EndGlobalSection
EndGlobal
